
Microsoft Visual Studio Solution File, Format Version 12.00
# Visual Studio Version 16
VisualStudioVersion = 16.0.29728.190
MinimumVisualStudioVersion = 10.0.40219.1
Project("{FAE04EC0-301F-11D3-BF4B-00C04F79EFBC}") = "ServerSample", "WebServer\ServerSample.csproj", "{8FA92F61-436C-45E9-8E98-5E55A7C68803}"
EndProject
Project("{FAE04EC0-301F-11D3-BF4B-00C04F79EFBC}") = "WebClient", "WebClient\WebClient.csproj", "{84FD4432-B0DD-4535-BB5B-96F2BFB9A9CC}"
EndProject
Project("{FAE04EC0-301F-11D3-BF4B-00C04F79EFBC}") = "EntitiesClassLibrary", "EntitiesClassLibrary\EntitiesClassLibrary.csproj", "{C017E9E6-1193-4A0D-BB3F-E064A4273E80}"
EndProject
Global
	GlobalSection(SolutionConfigurationPlatforms) = preSolution
		Debug|Any CPU = Debug|Any CPU
		Release|Any CPU = Release|Any CPU
	EndGlobalSection
	GlobalSection(ProjectConfigurationPlatforms) = postSolution
		{8FA92F61-436C-45E9-8E98-5E55A7C68803}.Debug|Any CPU.ActiveCfg = Debug|Any CPU
		{8FA92F61-436C-45E9-8E98-5E55A7C68803}.Debug|Any CPU.Build.0 = Debug|Any CPU
		{8FA92F61-436C-45E9-8E98-5E55A7C68803}.Release|Any CPU.ActiveCfg = Release|Any CPU
		{8FA92F61-436C-45E9-8E98-5E55A7C68803}.Release|Any CPU.Build.0 = Release|Any CPU
		{84FD4432-B0DD-4535-BB5B-96F2BFB9A9CC}.Debug|Any CPU.ActiveCfg = Debug|Any CPU
		{84FD4432-B0DD-4535-BB5B-96F2BFB9A9CC}.Debug|Any CPU.Build.0 = Debug|Any CPU
		{84FD4432-B0DD-4535-BB5B-96F2BFB9A9CC}.Release|Any CPU.ActiveCfg = Release|Any CPU
		{84FD4432-B0DD-4535-BB5B-96F2BFB9A9CC}.Release|Any CPU.Build.0 = Release|Any CPU
		{C017E9E6-1193-4A0D-BB3F-E064A4273E80}.Debug|Any CPU.ActiveCfg = Debug|Any CPU
		{C017E9E6-1193-4A0D-BB3F-E064A4273E80}.Debug|Any CPU.Build.0 = Debug|Any CPU
		{C017E9E6-1193-4A0D-BB3F-E064A4273E80}.Release|Any CPU.ActiveCfg = Release|Any CPU
		{C017E9E6-1193-4A0D-BB3F-E064A4273E80}.Release|Any CPU.Build.0 = Release|Any CPU
	EndGlobalSection
	GlobalSection(SolutionProperties) = preSolution
		HideSolutionNode = FALSE
	EndGlobalSection
	GlobalSection(ExtensibilityGlobals) = postSolution
		SolutionGuid = {A38BDEDA-9636-414A-A2F0-CF4E749A7BA5}
	EndGlobalSection
EndGlobal
